
Microsoft Visual Studio Solution File, Format Version 12.00
# Visual Studio Express 15 for Windows Desktop
VisualStudioVersion = 15.0.28307.1259
MinimumVisualStudioVersion = 10.0.40219.1
Project("{8BC9CEB8-8B4A-11D0-8D11-00A0C91BC942}") = "210412-FC-Learning", "210412-FC-Learning\210412-FC-Learning.vcxproj", "{24FBF78B-4A00-410C-9F9D-96F635B99D23}"
EndProject
Global
	GlobalSection(SolutionConfigurationPlatforms) = preSolution
		Debug|x64 = Debug|x64
		Debug|x86 = Debug|x86
		Release|x64 = Release|x64
		Release|x86 = Release|x86
	EndGlobalSection
	GlobalSection(ProjectConfigurationPlatforms) = postSolution
		{24FBF78B-4A00-410C-9F9D-96F635B99D23}.Debug|x64.ActiveCfg = Debug|x64
		{24FBF78B-4A00-410C-9F9D-96F635B99D23}.Debug|x64.Build.0 = Debug|x64
		{24FBF78B-4A00-410C-9F9D-96F635B99D23}.Debug|x86.ActiveCfg = Debug|Win32
		{24FBF78B-4A00-410C-9F9D-96F635B99D23}.Debug|x86.Build.0 = Debug|Win32
		{24FBF78B-4A00-410C-9F9D-96F635B99D23}.Release|x64.ActiveCfg = Release|x64
		{24FBF78B-4A00-410C-9F9D-96F635B99D23}.Release|x64.Build.0 = Release|x64
		{24FBF78B-4A00-410C-9F9D-96F635B99D23}.Release|x86.ActiveCfg = Release|Win32
		{24FBF78B-4A00-410C-9F9D-96F635B99D23}.Release|x86.Build.0 = Release|Win32
	EndGlobalSection
	GlobalSection(SolutionProperties) = preSolution
		HideSolutionNode = FALSE
	EndGlobalSection
	GlobalSection(ExtensibilityGlobals) = postSolution
		SolutionGuid = {64B3EBE7-68DB-4DA1-AD7E-22602F99010E}
	EndGlobalSection
EndGlobal
