<?xml version="1.0" encoding="utf-8"?>
<Project ToolsVersion="4.0" xmlns="http://schemas.microsoft.com/developer/msbuild/2003">
  <ItemGroup>
    <Filter Include="ソース ファイル">
      <UniqueIdentifier>{4FC737F1-C7A5-4376-A066-2A32D752A2FF}</UniqueIdentifier>
      <Extensions>cpp;c;cc;cxx;def;odl;idl;hpj;bat;asm;asmx</Extensions>
    </Filter>
    <Filter Include="ヘッダー ファイル">
      <UniqueIdentifier>{93995380-89BD-4b04-88EB-625FBE52EBFB}</UniqueIdentifier>
      <Extensions>h;hh;hpp;hxx;hm;inl;inc;ipp;xsd</Extensions>
    </Filter>
    <Filter Include="リソース ファイル">
      <UniqueIdentifier>{67DA6AB6-F800-4c08-8B7A-83BB121AAD01}</UniqueIdentifier>
      <Extensions>rc;ico;cur;bmp;dlg;rc2;rct;bin;rgs;gif;jpg;jpeg;jpe;resx;tiff;tif;png;wav;mfcribbon-ms</Extensions>
    </Filter>
    <Filter Include="ソース ファイル\myClass">
      <UniqueIdentifier>{47458e02-4971-459e-b4bf-aa7a681b0f36}</UniqueIdentifier>
    </Filter>
  </ItemGroup>
  <ItemGroup>
    <ClInclude Include="framework.h">
      <Filter>ヘッダー ファイル</Filter>
    </ClInclude>
    <ClInclude Include="targetver.h">
      <Filter>ヘッダー ファイル</Filter>
    </ClInclude>
    <ClInclude Include="Resource.h">
      <Filter>ヘッダー ファイル</Filter>
    </ClInclude>
    <ClInclude Include="210412-FC-Learning.h">
      <Filter>ヘッダー ファイル</Filter>
    </ClInclude>
    <ClInclude Include="mainController.h">
      <Filter>ソース ファイル\myClass</Filter>
    </ClInclude>
    <ClInclude Include="OpenCL_Manager_Class.h">
      <Filter>ソース ファイル\myClass</Filter>
    </ClInclude>
    <ClInclude Include="MINST_Data_Class.h">
      <Filter>ソース ファイル\myClass</Filter>
    </ClInclude>
    <ClInclude Include="stopWatch.h">
      <Filter>ソース ファイル\myClass</Filter>
    </ClInclude>
    <ClInclude Include="FCL_manager.h">
      <Filter>ソース ファイル\myClass</Filter>
    </ClInclude>
    <ClInclude Include="LayerClass.h">
      <Filter>ソース ファイル\myClass</Filter>
    </ClInclude>
  </ItemGroup>
  <ItemGroup>
    <ClCompile Include="210412-FC-Learning.cpp">
      <Filter>ソース ファイル</Filter>
    </ClCompile>
    <ClCompile Include="mainController.cpp">
      <Filter>ソース ファイル\myClass</Filter>
    </ClCompile>
    <ClCompile Include="OpenCL_Manager_Class.cpp">
      <Filter>ソース ファイル\myClass</Filter>
    </ClCompile>
    <ClCompile Include="MINST_Data_Class.cpp">
      <Filter>ソース ファイル\myClass</Filter>
    </ClCompile>
    <ClCompile Include="stopWatch.cpp">
      <Filter>ソース ファイル\myClass</Filter>
    </ClCompile>
    <ClCompile Include="FCL_manager.cpp">
      <Filter>ソース ファイル\myClass</Filter>
    </ClCompile>
    <ClCompile Include="LayerClass.cpp">
      <Filter>ソース ファイル\myClass</Filter>
    </ClCompile>
    <ClCompile Include="Layer_ReLU.cpp">
      <Filter>ソース ファイル\myClass</Filter>
    </ClCompile>
    <ClCompile Include="Layer_affine.cpp">
      <Filter>ソース ファイル\myClass</Filter>
    </ClCompile>
    <ClCompile Include="Layer_CEMS.cpp">
      <Filter>ソース ファイル\myClass</Filter>
    </ClCompile>
  </ItemGroup>
  <ItemGroup>
    <ResourceCompile Include="210412-FC-Learning.rc">
      <Filter>リソース ファイル</Filter>
    </ResourceCompile>
  </ItemGroup>
  <ItemGroup>
    <Image Include="small.ico">
      <Filter>リソース ファイル</Filter>
    </Image>
    <Image Include="210412-FC-Learning.ico">
      <Filter>リソース ファイル</Filter>
    </Image>
  </ItemGroup>
  <ItemGroup>
    <None Include="kernels.cl">
      <Filter>ソース ファイル\myClass</Filter>
    </None>
  </ItemGroup>
</Project>